Microsoft Visual Studio Solution File, Format Version 12.00
# Visual Studio Version 17
VisualStudioVersion = 17.5.2.0
MinimumVisualStudioVersion = 10.0.40219.1
Project("{FAE04EC0-301F-11D3-BF4B-00C04F79EFBC}") = "LastMile.Common", "LastMile.Common\LastMile.Common.csproj", "{24D72E16-1B52-0DF9-4E20-BE596306EBDE}"
EndProject
Project("{FAE04EC0-301F-11D3-BF4B-00C04F79EFBC}") = "LastMile", "LastMile\LastMile.csproj", "{7AC43A92-0879-1F30-2BCC-FDA8B5D97E32}"
EndProject
Global
	GlobalSection(SolutionConfigurationPlatforms) = preSolution
		Debug|Any CPU = Debug|Any CPU
		Release|Any CPU = Release|Any CPU
	EndGlobalSection
	GlobalSection(ProjectConfigurationPlatforms) = postSolution
		{24D72E16-1B52-0DF9-4E20-BE596306EBDE}.Debug|Any CPU.ActiveCfg = Debug|Any CPU
		{24D72E16-1B52-0DF9-4E20-BE596306EBDE}.Debug|Any CPU.Build.0 = Debug|Any CPU
		{24D72E16-1B52-0DF9-4E20-BE596306EBDE}.Release|Any CPU.ActiveCfg = Release|Any CPU
		{24D72E16-1B52-0DF9-4E20-BE596306EBDE}.Release|Any CPU.Build.0 = Release|Any CPU
		{7AC43A92-0879-1F30-2BCC-FDA8B5D97E32}.Debug|Any CPU.ActiveCfg = Debug|Any CPU
		{7AC43A92-0879-1F30-2BCC-FDA8B5D97E32}.Debug|Any CPU.Build.0 = Debug|Any CPU
		{7AC43A92-0879-1F30-2BCC-FDA8B5D97E32}.Release|Any CPU.ActiveCfg = Release|Any CPU
		{7AC43A92-0879-1F30-2BCC-FDA8B5D97E32}.Release|Any CPU.Build.0 = Release|Any CPU
	EndGlobalSection
	GlobalSection(SolutionProperties) = preSolution
		HideSolutionNode = FALSE
	EndGlobalSection
	GlobalSection(ExtensibilityGlobals) = postSolution
		SolutionGuid = {155B84C1-B6D2-4BD2-B328-75C6B226BA7E}
	EndGlobalSection
EndGlobal
